
Microsoft Visual Studio Solution File, Format Version 12.00
# Visual Studio Version 17
VisualStudioVersion = 17.13.35818.85 d17.13
MinimumVisualStudioVersion = 10.0.40219.1
Project("{FAE04EC0-301F-11D3-BF4B-00C04F79EFBC}") = "CodeforcesAssiutSheets", "CodeforcesAssiutSheets\CodeforcesAssiutSheets.csproj", "{90C59877-9939-4BEC-8641-9123E05B4400}"
EndProject
Global
	GlobalSection(SolutionConfigurationPlatforms) = preSolution
		Debug|Any CPU = Debug|Any CPU
		Release|Any CPU = Release|Any CPU
	EndGlobalSection
	GlobalSection(ProjectConfigurationPlatforms) = postSolution
		{90C59877-9939-4BEC-8641-9123E05B4400}.Debug|Any CPU.ActiveCfg = Debug|Any CPU
		{90C59877-9939-4BEC-8641-9123E05B4400}.Debug|Any CPU.Build.0 = Debug|Any CPU
		{90C59877-9939-4BEC-8641-9123E05B4400}.Release|Any CPU.ActiveCfg = Release|Any CPU
		{90C59877-9939-4BEC-8641-9123E05B4400}.Release|Any CPU.Build.0 = Release|Any CPU
	EndGlobalSection
	GlobalSection(SolutionProperties) = preSolution
		HideSolutionNode = FALSE
	EndGlobalSection
	GlobalSection(ExtensibilityGlobals) = postSolution
		SolutionGuid = {1ACF0CBB-3D6B-4AEE-8DC9-96393AEA9A2C}
	EndGlobalSection
EndGlobal
